
Microsoft Visual Studio Solution File, Format Version 12.00
# Visual Studio Version 17
VisualStudioVersion = 17.6.33723.286
MinimumVisualStudioVersion = 10.0.40219.1
Project("{9A19103F-16F7-4668-BE54-9A1E7A4F7556}") = "DataStructure", "DataStructure\DataStructure.csproj", "{9A5EA782-6A74-429F-8136-83179A6647C5}"
EndProject
Project("{2150E333-8FDC-42A3-9474-1A3956D46DE8}") = "Algorithms_Recursive", "Algorithms_Recursive", "{BDCCBCCA-8330-4391-9D2F-C383BDEEF757}"
EndProject
Project("{9A19103F-16F7-4668-BE54-9A1E7A4F7556}") = "Recursive", "Recursive\Recursive.csproj", "{3D1B2477-0C5C-4308-8EDE-241A61FBB4D5}"
EndProject
Project("{2150E333-8FDC-42A3-9474-1A3956D46DE8}") = "LinkedList", "LinkedList", "{B69ED7AC-481A-471C-8019-21588CD2A58E}"
EndProject
Project("{9A19103F-16F7-4668-BE54-9A1E7A4F7556}") = "ProjectLinkedList", "ProjectLinkedList\ProjectLinkedList.csproj", "{5422F9E3-0619-4E3D-B180-3C77A782C8C1}"
EndProject
Project("{2150E333-8FDC-42A3-9474-1A3956D46DE8}") = "Projects", "Projects", "{6E620615-338D-41B7-B7D3-EF2305269112}"
EndProject
Project("{2150E333-8FDC-42A3-9474-1A3956D46DE8}") = "TDD", "TDD", "{1744E2ED-D68A-41F5-9CD7-C1F6AFE0BE29}"
EndProject
Project("{9A19103F-16F7-4668-BE54-9A1E7A4F7556}") = "TDDCalculator", "TDDCalculator\TDDCalculator.csproj", "{FD80E8BF-3EDD-4E81-96AF-781A074D8153}"
EndProject
Project("{2150E333-8FDC-42A3-9474-1A3956D46DE8}") = "Projects", "Projects", "{49615601-CC81-4F5A-815A-402A3202BF82}"
EndProject
Project("{9A19103F-16F7-4668-BE54-9A1E7A4F7556}") = "RecursiveTests", "RecursiveTests\RecursiveTests.csproj", "{7891D7D9-921A-472A-AED1-0813CBF8BEEB}"
EndProject
Project("{FAE04EC0-301F-11D3-BF4B-00C04F79EFBC}") = "ProjectLinkedListTests", "ProjectLinkedListTests\ProjectLinkedListTests.csproj", "{7B193CEB-C789-4D46-8B4B-33CD4A66D941}"
EndProject
Global
	GlobalSection(SolutionConfigurationPlatforms) = preSolution
		Debug|Any CPU = Debug|Any CPU
		Release|Any CPU = Release|Any CPU
	EndGlobalSection
	GlobalSection(ProjectConfigurationPlatforms) = postSolution
		{9A5EA782-6A74-429F-8136-83179A6647C5}.Debug|Any CPU.ActiveCfg = Debug|Any CPU
		{9A5EA782-6A74-429F-8136-83179A6647C5}.Debug|Any CPU.Build.0 = Debug|Any CPU
		{9A5EA782-6A74-429F-8136-83179A6647C5}.Release|Any CPU.ActiveCfg = Release|Any CPU
		{9A5EA782-6A74-429F-8136-83179A6647C5}.Release|Any CPU.Build.0 = Release|Any CPU
		{3D1B2477-0C5C-4308-8EDE-241A61FBB4D5}.Debug|Any CPU.ActiveCfg = Debug|Any CPU
		{3D1B2477-0C5C-4308-8EDE-241A61FBB4D5}.Debug|Any CPU.Build.0 = Debug|Any CPU
		{3D1B2477-0C5C-4308-8EDE-241A61FBB4D5}.Release|Any CPU.ActiveCfg = Release|Any CPU
		{3D1B2477-0C5C-4308-8EDE-241A61FBB4D5}.Release|Any CPU.Build.0 = Release|Any CPU
		{5422F9E3-0619-4E3D-B180-3C77A782C8C1}.Debug|Any CPU.ActiveCfg = Debug|Any CPU
		{5422F9E3-0619-4E3D-B180-3C77A782C8C1}.Debug|Any CPU.Build.0 = Debug|Any CPU
		{5422F9E3-0619-4E3D-B180-3C77A782C8C1}.Release|Any CPU.ActiveCfg = Release|Any CPU
		{5422F9E3-0619-4E3D-B180-3C77A782C8C1}.Release|Any CPU.Build.0 = Release|Any CPU
		{FD80E8BF-3EDD-4E81-96AF-781A074D8153}.Debug|Any CPU.ActiveCfg = Debug|Any CPU
		{FD80E8BF-3EDD-4E81-96AF-781A074D8153}.Debug|Any CPU.Build.0 = Debug|Any CPU
		{FD80E8BF-3EDD-4E81-96AF-781A074D8153}.Release|Any CPU.ActiveCfg = Release|Any CPU
		{FD80E8BF-3EDD-4E81-96AF-781A074D8153}.Release|Any CPU.Build.0 = Release|Any CPU
		{7891D7D9-921A-472A-AED1-0813CBF8BEEB}.Debug|Any CPU.ActiveCfg = Debug|Any CPU
		{7891D7D9-921A-472A-AED1-0813CBF8BEEB}.Debug|Any CPU.Build.0 = Debug|Any CPU
		{7891D7D9-921A-472A-AED1-0813CBF8BEEB}.Release|Any CPU.ActiveCfg = Release|Any CPU
		{7891D7D9-921A-472A-AED1-0813CBF8BEEB}.Release|Any CPU.Build.0 = Release|Any CPU
		{7B193CEB-C789-4D46-8B4B-33CD4A66D941}.Debug|Any CPU.ActiveCfg = Debug|Any CPU
		{7B193CEB-C789-4D46-8B4B-33CD4A66D941}.Debug|Any CPU.Build.0 = Debug|Any CPU
		{7B193CEB-C789-4D46-8B4B-33CD4A66D941}.Release|Any CPU.ActiveCfg = Release|Any CPU
		{7B193CEB-C789-4D46-8B4B-33CD4A66D941}.Release|Any CPU.Build.0 = Release|Any CPU
	EndGlobalSection
	GlobalSection(SolutionProperties) = preSolution
		HideSolutionNode = FALSE
	EndGlobalSection
	GlobalSection(NestedProjects) = preSolution
		{9A5EA782-6A74-429F-8136-83179A6647C5} = {6E620615-338D-41B7-B7D3-EF2305269112}
		{BDCCBCCA-8330-4391-9D2F-C383BDEEF757} = {6E620615-338D-41B7-B7D3-EF2305269112}
		{3D1B2477-0C5C-4308-8EDE-241A61FBB4D5} = {BDCCBCCA-8330-4391-9D2F-C383BDEEF757}
		{B69ED7AC-481A-471C-8019-21588CD2A58E} = {6E620615-338D-41B7-B7D3-EF2305269112}
		{5422F9E3-0619-4E3D-B180-3C77A782C8C1} = {B69ED7AC-481A-471C-8019-21588CD2A58E}
		{FD80E8BF-3EDD-4E81-96AF-781A074D8153} = {49615601-CC81-4F5A-815A-402A3202BF82}
		{49615601-CC81-4F5A-815A-402A3202BF82} = {1744E2ED-D68A-41F5-9CD7-C1F6AFE0BE29}
	EndGlobalSection
	GlobalSection(ExtensibilityGlobals) = postSolution
		SolutionGuid = {487B4271-AD11-439C-860E-AE0E7206BDD1}
	EndGlobalSection
EndGlobal
